// !$*UTF8*$!
{
	archiveVersion = 1;
	classes = {
	};
	objectVersion = 77;
	objects = {

/* Begin PBXBuildFile section */
		10D39AE72DF35C9A00CAA268 /* WidgetKit.framework in Frameworks */ = {isa = PBXBuildFile; fileRef = 10D39AE62DF35C9A00CAA268 /* WidgetKit.framework */; };
		10D39AE92DF35C9A00CAA268 /* SwiftUI.framework in Frameworks */ = {isa = PBXBuildFile; fileRef = 10D39AE82DF35C9A00CAA268 /* SwiftUI.framework */; };
		10D39AFA2DF35C9B00CAA268 /* Moomo WidgetExtension.appex in Embed Foundation Extensions */ = {isa = PBXBuildFile; fileRef = 10D39AE42DF35C9A00CAA268 /* Moomo WidgetExtension.appex */; settings = {ATTRIBUTES = (RemoveHeadersOnCopy, ); }; };
/* End PBXBuildFile section */

/* Begin PBXContainerItemProxy section */
		10D39AF82DF35C9B00CAA268 /* PBXContainerItemProxy */ = {
			isa = PBXContainerItemProxy;
			containerPortal = 10F363602DE99EE800AF160C /* Project object */;
			proxyType = 1;
			remoteGlobalIDString = 10D39AE32DF35C9A00CAA268;
			remoteInfo = "Moomo WidgetExtension";
		};
		10F363772DE99EE900AF160C /* PBXContainerItemProxy */ = {
			isa = PBXContainerItemProxy;
			containerPortal = 10F363602DE99EE800AF160C /* Project object */;
			proxyType = 1;
			remoteGlobalIDString = 10F363672DE99EE800AF160C;
			remoteInfo = Moomo;
		};
		10F363812DE99EE900AF160C /* PBXContainerItemProxy */ = {
			isa = PBXContainerItemProxy;
			containerPortal = 10F363602DE99EE800AF160C /* Project object */;
			proxyType = 1;
			remoteGlobalIDString = 10F363672DE99EE800AF160C;
			remoteInfo = Moomo;
		};
/* End PBXContainerItemProxy section */

/* Begin PBXCopyFilesBuildPhase section */
		10D39AFF2DF35C9B00CAA268 /* Embed Foundation Extensions */ = {
			isa = PBXCopyFilesBuildPhase;
			buildActionMask = 2147483647;
			dstPath = "";
			dstSubfolderSpec = 13;
			files = (
				10D39AFA2DF35C9B00CAA268 /* Moomo WidgetExtension.appex in Embed Foundation Extensions */,
			);
			name = "Embed Foundation Extensions";
			runOnlyForDeploymentPostprocessing = 0;
		};
/* End PBXCopyFilesBuildPhase section */

/* Begin PBXFileReference section */
		10D39AE42DF35C9A00CAA268 /* Moomo WidgetExtension.appex */ = {isa = PBXFileReference; explicitFileType = "wrapper.app-extension"; includeInIndex = 0; path = "Moomo WidgetExtension.appex"; sourceTree = BUILT_PRODUCTS_DIR; };
		10D39AE62DF35C9A00CAA268 /* WidgetKit.framework */ = {isa = PBXFileReference; lastKnownFileType = wrapper.framework; name = WidgetKit.framework; path = System/Library/Frameworks/WidgetKit.framework; sourceTree = SDKROOT; };
		10D39AE82DF35C9A00CAA268 /* SwiftUI.framework */ = {isa = PBXFileReference; lastKnownFileType = wrapper.framework; name = SwiftUI.framework; path = System/Library/Frameworks/SwiftUI.framework; sourceTree = SDKROOT; };
		10F363682DE99EE800AF160C /* Moomo.app */ = {isa = PBXFileReference; explicitFileType = wrapper.application; includeInIndex = 0; path = Moomo.app; sourceTree = BUILT_PRODUCTS_DIR; };
		10F363762DE99EE900AF160C /* MoomoTests.xctest */ = {isa = PBXFileReference; explicitFileType = wrapper.cfbundle; includeInIndex = 0; path = MoomoTests.xctest; sourceTree = BUILT_PRODUCTS_DIR; };
		10F363802DE99EE900AF160C /* MoomoUITests.xctest */ = {isa = PBXFileReference; explicitFileType = wrapper.cfbundle; includeInIndex = 0; path = MoomoUITests.xctest; sourceTree = BUILT_PRODUCTS_DIR; };
/* End PBXFileReference section */

/* Begin PBXFileSystemSynchronizedBuildFileExceptionSet section */
		10D076102DF2A1870034D366 /* Exceptions for "Moomo" folder in "Moomo" target */ = {
			isa = PBXFileSystemSynchronizedBuildFileExceptionSet;
			membershipExceptions = (
				Info.plist,
			);
			target = 10F363672DE99EE800AF160C /* Moomo */;
		};
		10D39AFE2DF35C9B00CAA268 /* Exceptions for "Moomo Widget" folder in "Moomo WidgetExtension" target */ = {
			isa = PBXFileSystemSynchronizedBuildFileExceptionSet;
			membershipExceptions = (
				Info.plist,
			);
			target = 10D39AE32DF35C9A00CAA268 /* Moomo WidgetExtension */;
		};
/* End PBXFileSystemSynchronizedBuildFileExceptionSet section */

/* Begin PBXFileSystemSynchronizedRootGroup section */
		10D39AEA2DF35C9A00CAA268 /* Moomo Widget */ = {
			isa = PBXFileSystemSynchronizedRootGroup;
			exceptions = (
				10D39AFE2DF35C9B00CAA268 /* Exceptions for "Moomo Widget" folder in "Moomo WidgetExtension" target */,
			);
			path = "Moomo Widget";
			sourceTree = "<group>";
		};
		10F3636A2DE99EE800AF160C /* Moomo */ = {
			isa = PBXFileSystemSynchronizedRootGroup;
			exceptions = (
				10D076102DF2A1870034D366 /* Exceptions for "Moomo" folder in "Moomo" target */,
			);
			path = Moomo;
			sourceTree = "<group>";
		};
/* End PBXFileSystemSynchronizedRootGroup section */

/* Begin PBXFrameworksBuildPhase section */
		10D39AE12DF35C9A00CAA268 /* Frameworks */ = {
			isa = PBXFrameworksBuildPhase;
			buildActionMask = 2147483647;
			files = (
				10D39AE92DF35C9A00CAA268 /* SwiftUI.framework in Frameworks */,
				10D39AE72DF35C9A00CAA268 /* WidgetKit.framework in Frameworks */,
			);
			runOnlyForDeploymentPostprocessing = 0;
		};
		10F363652DE99EE800AF160C /* Frameworks */ = {
			isa = PBXFrameworksBuildPhase;
			buildActionMask = 2147483647;
			files = (
			);
			runOnlyForDeploymentPostprocessing = 0;
		};
		10F363732DE99EE900AF160C /* Frameworks */ = {
			isa = PBXFrameworksBuildPhase;
			buildActionMask = 2147483647;
			files = (
			);
			runOnlyForDeploymentPostprocessing = 0;
		};
		10F3637D2DE99EE900AF160C /* Frameworks */ = {
			isa = PBXFrameworksBuildPhase;
			buildActionMask = 2147483647;
			files = (
			);
			runOnlyForDeploymentPostprocessing = 0;
		};
/* End PBXFrameworksBuildPhase section */

/* Begin PBXGroup section */
		10D39AE52DF35C9A00CAA268 /* Frameworks */ = {
			isa = PBXGroup;
			children = (
				10D39AE62DF35C9A00CAA268 /* WidgetKit.framework */,
				10D39AE82DF35C9A00CAA268 /* SwiftUI.framework */,
			);
			name = Frameworks;
			sourceTree = "<group>";
		};
		10F3635F2DE99EE800AF160C = {
			isa = PBXGroup;
			children = (
				10F3636A2DE99EE800AF160C /* Moomo */,
				10D39AEA2DF35C9A00CAA268 /* Moomo Widget */,
				10D39AE52DF35C9A00CAA268 /* Frameworks */,
				10F363692DE99EE800AF160C /* Products */,
			);
			sourceTree = "<group>";
		};
		10F363692DE99EE800AF160C /* Products */ = {
			isa = PBXGroup;
			children = (
				10F363682DE99EE800AF160C /* Moomo.app */,
				10F363762DE99EE900AF160C /* MoomoTests.xctest */,
				10F363802DE99EE900AF160C /* MoomoUITests.xctest */,
				10D39AE42DF35C9A00CAA268 /* Moomo WidgetExtension.appex */,
			);
			name = Products;
			sourceTree = "<group>";
		};
/* End PBXGroup section */

/* Begin PBXNativeTarget section */
		10D39AE32DF35C9A00CAA268 /* Moomo WidgetExtension */ = {
			isa = PBXNativeTarget;
			buildConfigurationList = 10D39AFB2DF35C9B00CAA268 /* Build configuration list for PBXNativeTarget "Moomo WidgetExtension" */;
			buildPhases = (
				10D39AE02DF35C9A00CAA268 /* Sources */,
				10D39AE12DF35C9A00CAA268 /* Frameworks */,
				10D39AE22DF35C9A00CAA268 /* Resources */,
			);
			buildRules = (
			);
			dependencies = (
			);
			fileSystemSynchronizedGroups = (
				10D39AEA2DF35C9A00CAA268 /* Moomo Widget */,
			);
			name = "Moomo WidgetExtension";
			packageProductDependencies = (
			);
			productName = "Moomo WidgetExtension";
			productReference = 10D39AE42DF35C9A00CAA268 /* Moomo WidgetExtension.appex */;
			productType = "com.apple.product-type.app-extension";
		};
		10F363672DE99EE800AF160C /* Moomo */ = {
			isa = PBXNativeTarget;
			buildConfigurationList = 10F3638A2DE99EE900AF160C /* Build configuration list for PBXNativeTarget "Moomo" */;
			buildPhases = (
				10F363642DE99EE800AF160C /* Sources */,
				10F363652DE99EE800AF160C /* Frameworks */,
				10F363662DE99EE800AF160C /* Resources */,
				10D39AFF2DF35C9B00CAA268 /* Embed Foundation Extensions */,
			);
			buildRules = (
			);
			dependencies = (
				10D39AF92DF35C9B00CAA268 /* PBXTargetDependency */,
			);
			fileSystemSynchronizedGroups = (
				10F3636A2DE99EE800AF160C /* Moomo */,
			);
			name = Moomo;
			packageProductDependencies = (
			);
			productName = Moomo;
			productReference = 10F363682DE99EE800AF160C /* Moomo.app */;
			productType = "com.apple.product-type.application";
		};
		10F363752DE99EE900AF160C /* MoomoTests */ = {
			isa = PBXNativeTarget;
			buildConfigurationList = 10F3638D2DE99EE900AF160C /* Build configuration list for PBXNativeTarget "MoomoTests" */;
			buildPhases = (
				10F363722DE99EE900AF160C /* Sources */,
				10F363732DE99EE900AF160C /* Frameworks */,
				10F363742DE99EE900AF160C /* Resources */,
			);
			buildRules = (
			);
			dependencies = (
				10F363782DE99EE900AF160C /* PBXTargetDependency */,
			);
			name = MoomoTests;
			packageProductDependencies = (
			);
			productName = MoomoTests;
			productReference = 10F363762DE99EE900AF160C /* MoomoTests.xctest */;
			productType = "com.apple.product-type.bundle.unit-test";
		};
		10F3637F2DE99EE900AF160C /* MoomoUITests */ = {
			isa = PBXNativeTarget;
			buildConfigurationList = 10F363902DE99EE900AF160C /* Build configuration list for PBXNativeTarget "MoomoUITests" */;
			buildPhases = (
				10F3637C2DE99EE900AF160C /* Sources */,
				10F3637D2DE99EE900AF160C /* Frameworks */,
				10F3637E2DE99EE900AF160C /* Resources */,
			);
			buildRules = (
			);
			dependencies = (
				10F363822DE99EE900AF160C /* PBXTargetDependency */,
			);
			name = MoomoUITests;
			packageProductDependencies = (
			);
			productName = MoomoUITests;
			productReference = 10F363802DE99EE900AF160C /* MoomoUITests.xctest */;
			productType = "com.apple.product-type.bundle.ui-testing";
		};
/* End PBXNativeTarget section */

/* Begin PBXProject section */
		10F363602DE99EE800AF160C /* Project object */ = {
			isa = PBXProject;
			attributes = {
				BuildIndependentTargetsInParallel = 1;
				LastSwiftUpdateCheck = 1640;
				LastUpgradeCheck = 1640;
				TargetAttributes = {
					10D39AE32DF35C9A00CAA268 = {
						CreatedOnToolsVersion = 16.4;
					};
					10F363672DE99EE800AF160C = {
						CreatedOnToolsVersion = 16.4;
					};
					10F363752DE99EE900AF160C = {
						CreatedOnToolsVersion = 16.4;
						TestTargetID = 10F363672DE99EE800AF160C;
					};
					10F3637F2DE99EE900AF160C = {
						CreatedOnToolsVersion = 16.4;
						TestTargetID = 10F363672DE99EE800AF160C;
					};
				};
			};
			buildConfigurationList = 10F363632DE99EE800AF160C /* Build configuration list for PBXProject "Moomo" */;
			developmentRegion = en;
			hasScannedForEncodings = 0;
			knownRegions = (
				en,
				Base,
			);
			mainGroup = 10F3635F2DE99EE800AF160C;
			minimizedProjectReferenceProxies = 1;
			preferredProjectObjectVersion = 77;
			productRefGroup = 10F363692DE99EE800AF160C /* Products */;
			projectDirPath = "";
			projectRoot = "";
			targets = (
				10F363672DE99EE800AF160C /* Moomo */,
				10F363752DE99EE900AF160C /* MoomoTests */,
				10F3637F2DE99EE900AF160C /* MoomoUITests */,
				10D39AE32DF35C9A00CAA268 /* Moomo WidgetExtension */,
			);
		};
/* End PBXProject section */

/* Begin PBXResourcesBuildPhase section */
		10D39AE22DF35C9A00CAA268 /* Resources */ = {
			isa = PBXResourcesBuildPhase;
			buildActionMask = 2147483647;
			files = (
			);
			runOnlyForDeploymentPostprocessing = 0;
		};
		10F363662DE99EE800AF160C /* Resources */ = {
			isa = PBXResourcesBuildPhase;
			buildActionMask = 2147483647;
			files = (
			);
			runOnlyForDeploymentPostprocessing = 0;
		};
		10F363742DE99EE900AF160C /* Resources */ = {
			isa = PBXResourcesBuildPhase;
			buildActionMask = 2147483647;
			files = (
			);
			runOnlyForDeploymentPostprocessing = 0;
		};
		10F3637E2DE99EE900AF160C /* Resources */ = {
			isa = PBXResourcesBuildPhase;
			buildActionMask = 2147483647;
			files = (
			);
			runOnlyForDeploymentPostprocessing = 0;
		};
/* End PBXResourcesBuildPhase section */

/* Begin PBXSourcesBuildPhase section */
		10D39AE02DF35C9A00CAA268 /* Sources */ = {
			isa = PBXSourcesBuildPhase;
			buildActionMask = 2147483647;
			files = (
			);
			runOnlyForDeploymentPostprocessing = 0;
		};
		10F363642DE99EE800AF160C /* Sources */ = {
			isa = PBXSourcesBuildPhase;
			buildActionMask = 2147483647;
			files = (
			);
			runOnlyForDeploymentPostprocessing = 0;
		};
		10F363722DE99EE900AF160C /* Sources */ = {
			isa = PBXSourcesBuildPhase;
			buildActionMask = 2147483647;
			files = (
			);
			runOnlyForDeploymentPostprocessing = 0;
		};
		10F3637C2DE99EE900AF160C /* Sources */ = {
			isa = PBXSourcesBuildPhase;
			buildActionMask = 2147483647;
			files = (
			);
			runOnlyForDeploymentPostprocessing = 0;
		};
/* End PBXSourcesBuildPhase section */

/* Begin PBXTargetDependency section */
		10D39AF92DF35C9B00CAA268 /* PBXTargetDependency */ = {
			isa = PBXTargetDependency;
			target = 10D39AE32DF35C9A00CAA268 /* Moomo WidgetExtension */;
			targetProxy = 10D39AF82DF35C9B00CAA268 /* PBXContainerItemProxy */;
		};
		10F363782DE99EE900AF160C /* PBXTargetDependency */ = {
			isa = PBXTargetDependency;
			target = 10F363672DE99EE800AF160C /* Moomo */;
			targetProxy = 10F363772DE99EE900AF160C /* PBXContainerItemProxy */;
		};
		10F363822DE99EE900AF160C /* PBXTargetDependency */ = {
			isa = PBXTargetDependency;
			target = 10F363672DE99EE800AF160C /* Moomo */;
			targetProxy = 10F363812DE99EE900AF160C /* PBXContainerItemProxy */;
		};
/* End PBXTargetDependency section */

/* Begin XCBuildConfiguration section */
		10D39AFC2DF35C9B00CAA268 /* Debug */ = {
			isa = XCBuildConfiguration;
			buildSettings = {
				ASSETCATALOG_COMPILER_GLOBAL_ACCENT_COLOR_NAME = AccentColor;
				ASSETCATALOG_COMPILER_WIDGET_BACKGROUND_COLOR_NAME = WidgetBackground;
				CODE_SIGN_STYLE = Automatic;
				CURRENT_PROJECT_VERSION = 1;
				GENERATE_INFOPLIST_FILE = YES;
				INFOPLIST_FILE = "Moomo Widget/Info.plist";
				INFOPLIST_KEY_CFBundleDisplayName = "Moomo Widget";
				INFOPLIST_KEY_NSHumanReadableCopyright = "";
				IPHONEOS_DEPLOYMENT_TARGET = 18.5;
				LD_RUNPATH_SEARCH_PATHS = (
					"$(inherited)",
					"@executable_path/Frameworks",
					"@executable_path/../../Frameworks",
				);
				MARKETING_VERSION = 1.0;
				PRODUCT_BUNDLE_IDENTIFIER = "sl.Moomo.Moomo-Widget";
				PRODUCT_NAME = "$(TARGET_NAME)";
				SDKROOT = iphoneos;
				SKIP_INSTALL = YES;
				SWIFT_EMIT_LOC_STRINGS = YES;
				SWIFT_VERSION = 5.0;
				TARGETED_DEVICE_FAMILY = "1,2";
			};
			name = Debug;
		};
		10D39AFD2DF35C9B00CAA268 /* Release */ = {
			isa = XCBuildConfiguration;
			buildSettings = {
				ASSETCATALOG_COMPILER_GLOBAL_ACCENT_COLOR_NAME = AccentColor;
				ASSETCATALOG_COMPILER_WIDGET_BACKGROUND_COLOR_NAME = WidgetBackground;
				CODE_SIGN_STYLE = Automatic;
				CURRENT_PROJECT_VERSION = 1;
				GENERATE_INFOPLIST_FILE = YES;
				INFOPLIST_FILE = "Moomo Widget/Info.plist";
				INFOPLIST_KEY_CFBundleDisplayName = "Moomo Widget";
				INFOPLIST_KEY_NSHumanReadableCopyright = "";
				IPHONEOS_DEPLOYMENT_TARGET = 18.5;
				LD_RUNPATH_SEARCH_PATHS = (
					"$(inherited)",
					"@executable_path/Frameworks",
					"@executable_path/../../Frameworks",
				);
				MARKETING_VERSION = 1.0;
				PRODUCT_BUNDLE_IDENTIFIER = "sl.Moomo.Moomo-Widget";
				PRODUCT_NAME = "$(TARGET_NAME)";
				SDKROOT = iphoneos;
				SKIP_INSTALL = YES;
				SWIFT_EMIT_LOC_STRINGS = YES;
				SWIFT_VERSION = 5.0;
				TARGETED_DEVICE_FAMILY = "1,2";
				VALIDATE_PRODUCT = YES;
			};
			name = Release;
		};
		10F363882DE99EE900AF160C /* Debug */ = {
			isa = XCBuildConfiguration;
			buildSettings = {
				ALWAYS_SEARCH_USER_PATHS = NO;
				ASSETCATALOG_COMPILER_GENERATE_SWIFT_ASSET_SYMBOL_EXTENSIONS = YES;
				CLANG_ANALYZER_NONNULL = YES;
				CLANG_ANALYZER_NUMBER_OBJECT_CONVERSION = YES_AGGRESSIVE;
				CLANG_CXX_LANGUAGE_STANDARD = "gnu++20";
				CLANG_ENABLE_MODULES = YES;
				CLANG_ENABLE_OBJC_ARC = YES;
				CLANG_ENABLE_OBJC_WEAK = YES;
				CLANG_WARN_BLOCK_CAPTURE_AUTORELEASING = YES;
				CLANG_WARN_BOOL_CONVERSION = YES;
				CLANG_WARN_COMMA = YES;
				CLANG_WARN_CONSTANT_CONVERSION = YES;
				CLANG_WARN_DEPRECATED_OBJC_IMPLEMENTATIONS = YES;
				CLANG_WARN_DIRECT_OBJC_ISA_USAGE = YES_ERROR;
				CLANG_WARN_DOCUMENTATION_COMMENTS = YES;
				CLANG_WARN_EMPTY_BODY = YES;
				CLANG_WARN_ENUM_CONVERSION = YES;
				CLANG_WARN_INFINITE_RECURSION = YES;
				CLANG_WARN_INT_CONVERSION = YES;
				CLANG_WARN_NON_LITERAL_NULL_CONVERSION = YES;
				CLANG_WARN_OBJC_IMPLICIT_RETAIN_SELF = YES;
				CLANG_WARN_OBJC_LITERAL_CONVERSION = YES;
				CLANG_WARN_OBJC_ROOT_CLASS = YES_ERROR;
				CLANG_WARN_QUOTED_INCLUDE_IN_FRAMEWORK_HEADER = YES;
				CLANG_WARN_RANGE_LOOP_ANALYSIS = YES;
				CLANG_WARN_STRICT_PROTOTYPES = YES;
				CLANG_WARN_SUSPICIOUS_MOVE = YES;
				CLANG_WARN_UNGUARDED_AVAILABILITY = YES_AGGRESSIVE;
				CLANG_WARN_UNREACHABLE_CODE = YES;
				CLANG_WARN__DUPLICATE_METHOD_MATCH = YES;
				COPY_PHASE_STRIP = NO;
				DEBUG_INFORMATION_FORMAT = dwarf;
				ENABLE_STRICT_OBJC_MSGSEND = YES;
				ENABLE_TESTABILITY = YES;
				ENABLE_USER_SCRIPT_SANDBOXING = YES;
				GCC_C_LANGUAGE_STANDARD = gnu17;
				GCC_DYNAMIC_NO_PIC = NO;
				GCC_NO_COMMON_BLOCKS = YES;
				GCC_OPTIMIZATION_LEVEL = 0;
				GCC_PREPROCESSOR_DEFINITIONS = (
					"DEBUG=1",
					"$(inherited)",
				);
				GCC_WARN_64_TO_32_BIT_CONVERSION = YES;
				GCC_WARN_ABOUT_RETURN_TYPE = YES_ERROR;
				GCC_WARN_UNDECLARED_SELECTOR = YES;
				GCC_WARN_UNINITIALIZED_AUTOS = YES_AGGRESSIVE;
				GCC_WARN_UNUSED_FUNCTION = YES;
				GCC_WARN_UNUSED_VARIABLE = YES;
				LOCALIZATION_PREFERS_STRING_CATALOGS = YES;
				MTL_ENABLE_DEBUG_INFO = INCLUDE_SOURCE;
				MTL_FAST_MATH = YES;
				ONLY_ACTIVE_ARCH = YES;
				SWIFT_ACTIVE_COMPILATION_CONDITIONS = "DEBUG $(inherited)";
				SWIFT_OPTIMIZATION_LEVEL = "-Onone";
			};
			name = Debug;
		};
		10F363892DE99EE900AF160C /* Release */ = {
			isa = XCBuildConfiguration;
			buildSettings = {
				ALWAYS_SEARCH_USER_PATHS = NO;
				ASSETCATALOG_COMPILER_GENERATE_SWIFT_ASSET_SYMBOL_EXTENSIONS = YES;
				CLANG_ANALYZER_NONNULL = YES;
				CLANG_ANALYZER_NUMBER_OBJECT_CONVERSION = YES_AGGRESSIVE;
				CLANG_CXX_LANGUAGE_STANDARD = "gnu++20";
				CLANG_ENABLE_MODULES = YES;
				CLANG_ENABLE_OBJC_ARC = YES;
				CLANG_ENABLE_OBJC_WEAK = YES;
				CLANG_WARN_BLOCK_CAPTURE_AUTORELEASING = YES;
				CLANG_WARN_BOOL_CONVERSION = YES;
				CLANG_WARN_COMMA = YES;
				CLANG_WARN_CONSTANT_CONVERSION = YES;
				CLANG_WARN_DEPRECATED_OBJC_IMPLEMENTATIONS = YES;
				CLANG_WARN_DIRECT_OBJC_ISA_USAGE = YES_ERROR;
				CLANG_WARN_DOCUMENTATION_COMMENTS = YES;
				CLANG_WARN_EMPTY_BODY = YES;
				CLANG_WARN_ENUM_CONVERSION = YES;
				CLANG_WARN_INFINITE_RECURSION = YES;
				CLANG_WARN_INT_CONVERSION = YES;
				CLANG_WARN_NON_LITERAL_NULL_CONVERSION = YES;
				CLANG_WARN_OBJC_IMPLICIT_RETAIN_SELF = YES;
				CLANG_WARN_OBJC_LITERAL_CONVERSION = YES;
				CLANG_WARN_OBJC_ROOT_CLASS = YES_ERROR;
				CLANG_WARN_QUOTED_INCLUDE_IN_FRAMEWORK_HEADER = YES;
				CLANG_WARN_RANGE_LOOP_ANALYSIS = YES;
				CLANG_WARN_STRICT_PROTOTYPES = YES;
				CLANG_WARN_SUSPICIOUS_MOVE = YES;
				CLANG_WARN_UNGUARDED_AVAILABILITY = YES_AGGRESSIVE;
				CLANG_WARN_UNREACHABLE_CODE = YES;
				CLANG_WARN__DUPLICATE_METHOD_MATCH = YES;
				COPY_PHASE_STRIP = NO;
				DEBUG_INFORMATION_FORMAT = "dwarf-with-dsym";
				ENABLE_NS_ASSERTIONS = NO;
				ENABLE_STRICT_OBJC_MSGSEND = YES;
				ENABLE_USER_SCRIPT_SANDBOXING = YES;
				GCC_C_LANGUAGE_STANDARD = gnu17;
				GCC_NO_COMMON_BLOCKS = YES;
				GCC_WARN_64_TO_32_BIT_CONVERSION = YES;
				GCC_WARN_ABOUT_RETURN_TYPE = YES_ERROR;
				GCC_WARN_UNDECLARED_SELECTOR = YES;
				GCC_WARN_UNINITIALIZED_AUTOS = YES_AGGRESSIVE;
				GCC_WARN_UNUSED_FUNCTION = YES;
				GCC_WARN_UNUSED_VARIABLE = YES;
				LOCALIZATION_PREFERS_STRING_CATALOGS = YES;
				MTL_ENABLE_DEBUG_INFO = NO;
				MTL_FAST_MATH = YES;
				SWIFT_COMPILATION_MODE = wholemodule;
			};
			name = Release;
		};
		10F3638B2DE99EE900AF160C /* Debug */ = {
			isa = XCBuildConfiguration;
			buildSettings = {
				ASSETCATALOG_COMPILER_APPICON_NAME = AppIcon;
				ASSETCATALOG_COMPILER_GLOBAL_ACCENT_COLOR_NAME = AccentColor;
				CODE_SIGN_ENTITLEMENTS = Moomo/Moomo.entitlements;
				CODE_SIGN_STYLE = Automatic;
				CURRENT_PROJECT_VERSION = 1;
				ENABLE_PREVIEWS = YES;
				GENERATE_INFOPLIST_FILE = YES;
				INFOPLIST_FILE = Moomo/Info.plist;
				INFOPLIST_KEY_LSApplicationCategoryType = "";
				"INFOPLIST_KEY_UIApplicationSceneManifest_Generation[sdk=iphoneos*]" = YES;
				"INFOPLIST_KEY_UIApplicationSceneManifest_Generation[sdk=iphonesimulator*]" = YES;
				"INFOPLIST_KEY_UIApplicationSupportsIndirectInputEvents[sdk=iphoneos*]" = YES;
				"INFOPLIST_KEY_UIApplicationSupportsIndirectInputEvents[sdk=iphonesimulator*]" = YES;
				"INFOPLIST_KEY_UILaunchScreen_Generation[sdk=iphoneos*]" = YES;
				"INFOPLIST_KEY_UILaunchScreen_Generation[sdk=iphonesimulator*]" = YES;
				"INFOPLIST_KEY_UIStatusBarStyle[sdk=iphoneos*]" = UIStatusBarStyleDefault;
				"INFOPLIST_KEY_UIStatusBarStyle[sdk=iphonesimulator*]" = UIStatusBarStyleDefault;
				INFOPLIST_KEY_UISupportedInterfaceOrientations_iPad = "UIInterfaceOrientationPortrait UIInterfaceOrientationPortraitUpsideDown UIInterfaceOrientationLandscapeLeft UIInterfaceOrientationLandscapeRight";
				INFOPLIST_KEY_UISupportedInterfaceOrientations_iPhone = "UIInterfaceOrientationPortrait UIInterfaceOrientationLandscapeLeft UIInterfaceOrientationLandscapeRight";
				IPHONEOS_DEPLOYMENT_TARGET = 18.5;
				LD_RUNPATH_SEARCH_PATHS = "@executable_path/Frameworks";
				"LD_RUNPATH_SEARCH_PATHS[sdk=macosx*]" = "@executable_path/../Frameworks";
				MACOSX_DEPLOYMENT_TARGET = 15.5;
				MARKETING_VERSION = 1.0;
				PRODUCT_BUNDLE_IDENTIFIER = sl.Moomo;
				PRODUCT_NAME = "$(TARGET_NAME)";
				REGISTER_APP_GROUPS = YES;
				SDKROOT = auto;
				SUPPORTED_PLATFORMS = "iphoneos iphonesimulator macosx xros xrsimulator";
				SWIFT_EMIT_LOC_STRINGS = YES;
				SWIFT_VERSION = 5.0;
				TARGETED_DEVICE_FAMILY = "1,2,7";
				XROS_DEPLOYMENT_TARGET = 2.5;
			};
			name = Debug;
		};
		10F3638C2DE99EE900AF160C /* Release */ = {
			isa = XCBuildConfiguration;
			buildSettings = {
				ASSETCATALOG_COMPILER_APPICON_NAME = AppIcon;
				ASSETCATALOG_COMPILER_GLOBAL_ACCENT_COLOR_NAME = AccentColor;
				CODE_SIGN_ENTITLEMENTS = Moomo/Moomo.entitlements;
				CODE_SIGN_STYLE = Automatic;
				CURRENT_PROJECT_VERSION = 1;
				ENABLE_PREVIEWS = YES;
				GENERATE_INFOPLIST_FILE = YES;
				INFOPLIST_FILE = Moomo/Info.plist;
				INFOPLIST_KEY_LSApplicationCategoryType = "";
				"INFOPLIST_KEY_UIApplicationSceneManifest_Generation[sdk=iphoneos*]" = YES;
				"INFOPLIST_KEY_UIApplicationSceneManifest_Generation[sdk=iphonesimulator*]" = YES;
				"INFOPLIST_KEY_UIApplicationSupportsIndirectInputEvents[sdk=iphoneos*]" = YES;
				"INFOPLIST_KEY_UIApplicationSupportsIndirectInputEvents[sdk=iphonesimulator*]" = YES;
				"INFOPLIST_KEY_UILaunchScreen_Generation[sdk=iphoneos*]" = YES;
				"INFOPLIST_KEY_UILaunchScreen_Generation[sdk=iphonesimulator*]" = YES;
				"INFOPLIST_KEY_UIStatusBarStyle[sdk=iphoneos*]" = UIStatusBarStyleDefault;
				"INFOPLIST_KEY_UIStatusBarStyle[sdk=iphonesimulator*]" = UIStatusBarStyleDefault;
				INFOPLIST_KEY_UISupportedInterfaceOrientations_iPad = "UIInterfaceOrientationPortrait UIInterfaceOrientationPortraitUpsideDown UIInterfaceOrientationLandscapeLeft UIInterfaceOrientationLandscapeRight";
				INFOPLIST_KEY_UISupportedInterfaceOrientations_iPhone = "UIInterfaceOrientationPortrait UIInterfaceOrientationLandscapeLeft UIInterfaceOrientationLandscapeRight";
				IPHONEOS_DEPLOYMENT_TARGET = 18.5;
				LD_RUNPATH_SEARCH_PATHS = "@executable_path/Frameworks";
				"LD_RUNPATH_SEARCH_PATHS[sdk=macosx*]" = "@executable_path/../Frameworks";
				MACOSX_DEPLOYMENT_TARGET = 15.5;
				MARKETING_VERSION = 1.0;
				PRODUCT_BUNDLE_IDENTIFIER = sl.Moomo;
				PRODUCT_NAME = "$(TARGET_NAME)";
				REGISTER_APP_GROUPS = YES;
				SDKROOT = auto;
				SUPPORTED_PLATFORMS = "iphoneos iphonesimulator macosx xros xrsimulator";
				SWIFT_EMIT_LOC_STRINGS = YES;
				SWIFT_VERSION = 5.0;
				TARGETED_DEVICE_FAMILY = "1,2,7";
				XROS_DEPLOYMENT_TARGET = 2.5;
			};
			name = Release;
		};
		10F3638E2DE99EE900AF160C /* Debug */ = {
			isa = XCBuildConfiguration;
			buildSettings = {
				BUNDLE_LOADER = "$(TEST_HOST)";
				CODE_SIGN_STYLE = Automatic;
				CURRENT_PROJECT_VERSION = 1;
				GENERATE_INFOPLIST_FILE = YES;
				IPHONEOS_DEPLOYMENT_TARGET = 18.5;
				MACOSX_DEPLOYMENT_TARGET = 15.5;
				MARKETING_VERSION = 1.0;
				PRODUCT_BUNDLE_IDENTIFIER = sl.MoomoTests;
				PRODUCT_NAME = "$(TARGET_NAME)";
				SDKROOT = auto;
				SUPPORTED_PLATFORMS = "iphoneos iphonesimulator macosx xros xrsimulator";
				SWIFT_EMIT_LOC_STRINGS = NO;
				SWIFT_VERSION = 5.0;
				TARGETED_DEVICE_FAMILY = "1,2,7";
				TEST_HOST = "$(BUILT_PRODUCTS_DIR)/Moomo.app/$(BUNDLE_EXECUTABLE_FOLDER_PATH)/Moomo";
				XROS_DEPLOYMENT_TARGET = 2.5;
			};
			name = Debug;
		};
		10F3638F2DE99EE900AF160C /* Release */ = {
			isa = XCBuildConfiguration;
			buildSettings = {
				BUNDLE_LOADER = "$(TEST_HOST)";
				CODE_SIGN_STYLE = Automatic;
				CURRENT_PROJECT_VERSION = 1;
				GENERATE_INFOPLIST_FILE = YES;
				IPHONEOS_DEPLOYMENT_TARGET = 18.5;
				MACOSX_DEPLOYMENT_TARGET = 15.5;
				MARKETING_VERSION = 1.0;
				PRODUCT_BUNDLE_IDENTIFIER = sl.MoomoTests;
				PRODUCT_NAME = "$(TARGET_NAME)";
				SDKROOT = auto;
				SUPPORTED_PLATFORMS = "iphoneos iphonesimulator macosx xros xrsimulator";
				SWIFT_EMIT_LOC_STRINGS = NO;
				SWIFT_VERSION = 5.0;
				TARGETED_DEVICE_FAMILY = "1,2,7";
				TEST_HOST = "$(BUILT_PRODUCTS_DIR)/Moomo.app/$(BUNDLE_EXECUTABLE_FOLDER_PATH)/Moomo";
				XROS_DEPLOYMENT_TARGET = 2.5;
			};
			name = Release;
		};
		10F363912DE99EE900AF160C /* Debug */ = {
			isa = XCBuildConfiguration;
			buildSettings = {
				CODE_SIGN_STYLE = Automatic;
				CURRENT_PROJECT_VERSION = 1;
				GENERATE_INFOPLIST_FILE = YES;
				IPHONEOS_DEPLOYMENT_TARGET = 18.5;
				MACOSX_DEPLOYMENT_TARGET = 15.5;
				MARKETING_VERSION = 1.0;
				PRODUCT_BUNDLE_IDENTIFIER = sl.MoomoUITests;
				PRODUCT_NAME = "$(TARGET_NAME)";
				SDKROOT = auto;
				SUPPORTED_PLATFORMS = "iphoneos iphonesimulator macosx xros xrsimulator";
				SWIFT_EMIT_LOC_STRINGS = NO;
				SWIFT_VERSION = 5.0;
				TARGETED_DEVICE_FAMILY = "1,2,7";
				TEST_TARGET_NAME = Moomo;
				XROS_DEPLOYMENT_TARGET = 2.5;
			};
			name = Debug;
		};
		10F363922DE99EE900AF160C /* Release */ = {
			isa = XCBuildConfiguration;
			buildSettings = {
				CODE_SIGN_STYLE = Automatic;
				CURRENT_PROJECT_VERSION = 1;
				GENERATE_INFOPLIST_FILE = YES;
				IPHONEOS_DEPLOYMENT_TARGET = 18.5;
				MACOSX_DEPLOYMENT_TARGET = 15.5;
				MARKETING_VERSION = 1.0;
				PRODUCT_BUNDLE_IDENTIFIER = sl.MoomoUITests;
				PRODUCT_NAME = "$(TARGET_NAME)";
				SDKROOT = auto;
				SUPPORTED_PLATFORMS = "iphoneos iphonesimulator macosx xros xrsimulator";
				SWIFT_EMIT_LOC_STRINGS = NO;
				SWIFT_VERSION = 5.0;
				TARGETED_DEVICE_FAMILY = "1,2,7";
				TEST_TARGET_NAME = Moomo;
				XROS_DEPLOYMENT_TARGET = 2.5;
			};
			name = Release;
		};
/* End XCBuildConfiguration section */

/* Begin XCConfigurationList section */
		10D39AFB2DF35C9B00CAA268 /* Build configuration list for PBXNativeTarget "Moomo WidgetExtension" */ = {
			isa = XCConfigurationList;
			buildConfigurations = (
				10D39AFC2DF35C9B00CAA268 /* Debug */,
				10D39AFD2DF35C9B00CAA268 /* Release */,
			);
			defaultConfigurationIsVisible = 0;
			defaultConfigurationName = Release;
		};
		10F363632DE99EE800AF160C /* Build configuration list for PBXProject "Moomo" */ = {
			isa = XCConfigurationList;
			buildConfigurations = (
				10F363882DE99EE900AF160C /* Debug */,
				10F363892DE99EE900AF160C /* Release */,
			);
			defaultConfigurationIsVisible = 0;
			defaultConfigurationName = Release;
		};
		10F3638A2DE99EE900AF160C /* Build configuration list for PBXNativeTarget "Moomo" */ = {
			isa = XCConfigurationList;
			buildConfigurations = (
				10F3638B2DE99EE900AF160C /* Debug */,
				10F3638C2DE99EE900AF160C /* Release */,
			);
			defaultConfigurationIsVisible = 0;
			defaultConfigurationName = Release;
		};
		10F3638D2DE99EE900AF160C /* Build configuration list for PBXNativeTarget "MoomoTests" */ = {
			isa = XCConfigurationList;
			buildConfigurations = (
				10F3638E2DE99EE900AF160C /* Debug */,
				10F3638F2DE99EE900AF160C /* Release */,
			);
			defaultConfigurationIsVisible = 0;
			defaultConfigurationName = Release;
		};
		10F363902DE99EE900AF160C /* Build configuration list for PBXNativeTarget "MoomoUITests" */ = {
			isa = XCConfigurationList;
			buildConfigurations = (
				10F363912DE99EE900AF160C /* Debug */,
				10F363922DE99EE900AF160C /* Release */,
			);
			defaultConfigurationIsVisible = 0;
			defaultConfigurationName = Release;
		};
/* End XCConfigurationList section */
	};
	rootObject = 10F363602DE99EE800AF160C /* Project object */;
}
